{
  "name": "memLeakRepro",
  "version": "1.0.0",
  "lockfileVersion": 1,
  "requires": true,
  "dependencies": {
    "@prisma/client": {
      "version": "2.31.0-integration-node-api-memleak-investigation.1",
      "resolved": "https://registry.npmjs.org/@prisma/client/-/client-2.31.0-integration-node-api-memleak-investigation.1.tgz",
      "integrity": "sha512-+XaqOmdJOD+qMdDcKufHzeN0xubRtsJimAzhgGPOGwm9hmBbKIRyvKtZpoSWpbrz3jX/MeEQAlS9Ure3x7xeBQ==",
      "requires": {
        "@prisma/engines-version": "2.31.0-11.c6aa2685dff09984e6656f5d99a90b9e90eabbce"
      }
    },
    "@prisma/engines": {
      "version": "2.31.0-11.c6aa2685dff09984e6656f5d99a90b9e90eabbce",
      "resolved": "https://registry.npmjs.org/@prisma/engines/-/engines-2.31.0-11.c6aa2685dff09984e6656f5d99a90b9e90eabbce.tgz",
      "integrity": "sha512-zQXMLIJEApmbHZNhx+lwpfyadHJDO4tOEomprSaW2ORpV4yQTev62mvoygJIMEY4WhhxTzVvuS+OWBDl72hl5Q==",
      "dev": true
    },
    "@prisma/engines-version": {
      "version": "2.31.0-11.c6aa2685dff09984e6656f5d99a90b9e90eabbce",
      "resolved": "https://registry.npmjs.org/@prisma/engines-version/-/engines-version-2.31.0-11.c6aa2685dff09984e6656f5d99a90b9e90eabbce.tgz",
      "integrity": "sha512-DyWuIhZ0u5dK3QbaBBCV6wiws5igrEtmYAyIF1duJsDEJTHgEH2Lq1NBEpkKmNA3jwwOFJYlCdulNhsfRytHrw=="
    },
    "prisma": {
      "version": "2.31.0-integration-node-api-memleak-investigation.1",
      "resolved": "https://registry.npmjs.org/prisma/-/prisma-2.31.0-integration-node-api-memleak-investigation.1.tgz",
      "integrity": "sha512-Sc30yh7KMkwHfVun2nUhOh2ORCPVxptZfLcg7OataKrPDRSgKwbaH3SiTGWnAFQmiv9ZTBqJfBcDyhHDtAnGow==",
      "dev": true,
      "requires": {
        "@prisma/engines": "2.31.0-11.c6aa2685dff09984e6656f5d99a90b9e90eabbce"
      }
    }
  }
}
